
Microsoft Visual Studio Solution File, Format Version 12.00
# Visual Studio Version 17
VisualStudioVersion = 17.4.33213.308
MinimumVisualStudioVersion = 10.0.40219.1
Project("{FAE04EC0-301F-11D3-BF4B-00C04F79EFBC}") = "App1.Android", "App1\App1.Android\App1.Android.csproj", "{D5165D09-1F9B-4DDF-BF1B-E6D619F3F3AE}"
EndProject
Project("{FAE04EC0-301F-11D3-BF4B-00C04F79EFBC}") = "App1.iOS", "App1\App1.iOS\App1.iOS.csproj", "{6BDE7317-A973-4A89-A46C-6D7AF196C7D0}"
EndProject
Project("{FAE04EC0-301F-11D3-BF4B-00C04F79EFBC}") = "App1", "App1\App1\App1.csproj", "{0BF4997B-56BC-4071-AB6A-3AADBA7789C7}"
EndProject
Global
	GlobalSection(SolutionConfigurationPlatforms) = preSolution
		Debug|Any CPU = Debug|Any CPU
		Debug|iPhone = Debug|iPhone
		Debug|iPhoneSimulator = Debug|iPhoneSimulator
		Release|Any CPU = Release|Any CPU
		Release|iPhone = Release|iPhone
		Release|iPhoneSimulator = Release|iPhoneSimulator
	EndGlobalSection
	GlobalSection(ProjectConfigurationPlatforms) = postSolution
		{D5165D09-1F9B-4DDF-BF1B-E6D619F3F3AE}.Debug|Any CPU.ActiveCfg = Debug|Any CPU
		{D5165D09-1F9B-4DDF-BF1B-E6D619F3F3AE}.Debug|Any CPU.Build.0 = Debug|Any CPU
		{D5165D09-1F9B-4DDF-BF1B-E6D619F3F3AE}.Debug|Any CPU.Deploy.0 = Debug|Any CPU
		{D5165D09-1F9B-4DDF-BF1B-E6D619F3F3AE}.Debug|iPhone.ActiveCfg = Debug|Any CPU
		{D5165D09-1F9B-4DDF-BF1B-E6D619F3F3AE}.Debug|iPhone.Build.0 = Debug|Any CPU
		{D5165D09-1F9B-4DDF-BF1B-E6D619F3F3AE}.Debug|iPhone.Deploy.0 = Debug|Any CPU
		{D5165D09-1F9B-4DDF-BF1B-E6D619F3F3AE}.Debug|iPhoneSimulator.ActiveCfg = Debug|Any CPU
		{D5165D09-1F9B-4DDF-BF1B-E6D619F3F3AE}.Debug|iPhoneSimulator.Build.0 = Debug|Any CPU
		{D5165D09-1F9B-4DDF-BF1B-E6D619F3F3AE}.Debug|iPhoneSimulator.Deploy.0 = Debug|Any CPU
		{D5165D09-1F9B-4DDF-BF1B-E6D619F3F3AE}.Release|Any CPU.ActiveCfg = Release|Any CPU
		{D5165D09-1F9B-4DDF-BF1B-E6D619F3F3AE}.Release|Any CPU.Build.0 = Release|Any CPU
		{D5165D09-1F9B-4DDF-BF1B-E6D619F3F3AE}.Release|Any CPU.Deploy.0 = Release|Any CPU
		{D5165D09-1F9B-4DDF-BF1B-E6D619F3F3AE}.Release|iPhone.ActiveCfg = Release|Any CPU
		{D5165D09-1F9B-4DDF-BF1B-E6D619F3F3AE}.Release|iPhone.Build.0 = Release|Any CPU
		{D5165D09-1F9B-4DDF-BF1B-E6D619F3F3AE}.Release|iPhone.Deploy.0 = Release|Any CPU
		{D5165D09-1F9B-4DDF-BF1B-E6D619F3F3AE}.Release|iPhoneSimulator.ActiveCfg = Release|Any CPU
		{D5165D09-1F9B-4DDF-BF1B-E6D619F3F3AE}.Release|iPhoneSimulator.Build.0 = Release|Any CPU
		{D5165D09-1F9B-4DDF-BF1B-E6D619F3F3AE}.Release|iPhoneSimulator.Deploy.0 = Release|Any CPU
		{6BDE7317-A973-4A89-A46C-6D7AF196C7D0}.Debug|Any CPU.ActiveCfg = Debug|iPhone
		{6BDE7317-A973-4A89-A46C-6D7AF196C7D0}.Debug|Any CPU.Build.0 = Debug|iPhone
		{6BDE7317-A973-4A89-A46C-6D7AF196C7D0}.Debug|Any CPU.Deploy.0 = Debug|iPhone
		{6BDE7317-A973-4A89-A46C-6D7AF196C7D0}.Debug|iPhone.ActiveCfg = Debug|iPhone
		{6BDE7317-A973-4A89-A46C-6D7AF196C7D0}.Debug|iPhone.Build.0 = Debug|iPhone
		{6BDE7317-A973-4A89-A46C-6D7AF196C7D0}.Debug|iPhone.Deploy.0 = Debug|iPhone
		{6BDE7317-A973-4A89-A46C-6D7AF196C7D0}.Debug|iPhoneSimulator.ActiveCfg = Debug|iPhoneSimulator
		{6BDE7317-A973-4A89-A46C-6D7AF196C7D0}.Debug|iPhoneSimulator.Build.0 = Debug|iPhoneSimulator
		{6BDE7317-A973-4A89-A46C-6D7AF196C7D0}.Debug|iPhoneSimulator.Deploy.0 = Debug|iPhoneSimulator
		{6BDE7317-A973-4A89-A46C-6D7AF196C7D0}.Release|Any CPU.ActiveCfg = Release|iPhoneSimulator
		{6BDE7317-A973-4A89-A46C-6D7AF196C7D0}.Release|Any CPU.Build.0 = Release|iPhoneSimulator
		{6BDE7317-A973-4A89-A46C-6D7AF196C7D0}.Release|Any CPU.Deploy.0 = Release|iPhoneSimulator
		{6BDE7317-A973-4A89-A46C-6D7AF196C7D0}.Release|iPhone.ActiveCfg = Release|iPhone
		{6BDE7317-A973-4A89-A46C-6D7AF196C7D0}.Release|iPhone.Build.0 = Release|iPhone
		{6BDE7317-A973-4A89-A46C-6D7AF196C7D0}.Release|iPhone.Deploy.0 = Release|iPhone
		{6BDE7317-A973-4A89-A46C-6D7AF196C7D0}.Release|iPhoneSimulator.ActiveCfg = Release|iPhoneSimulator
		{6BDE7317-A973-4A89-A46C-6D7AF196C7D0}.Release|iPhoneSimulator.Build.0 = Release|iPhoneSimulator
		{6BDE7317-A973-4A89-A46C-6D7AF196C7D0}.Release|iPhoneSimulator.Deploy.0 = Release|iPhoneSimulator
		{0BF4997B-56BC-4071-AB6A-3AADBA7789C7}.Debug|Any CPU.ActiveCfg = Debug|Any CPU
		{0BF4997B-56BC-4071-AB6A-3AADBA7789C7}.Debug|Any CPU.Build.0 = Debug|Any CPU
		{0BF4997B-56BC-4071-AB6A-3AADBA7789C7}.Debug|Any CPU.Deploy.0 = Debug|Any CPU
		{0BF4997B-56BC-4071-AB6A-3AADBA7789C7}.Debug|iPhone.ActiveCfg = Debug|Any CPU
		{0BF4997B-56BC-4071-AB6A-3AADBA7789C7}.Debug|iPhone.Build.0 = Debug|Any CPU
		{0BF4997B-56BC-4071-AB6A-3AADBA7789C7}.Debug|iPhone.Deploy.0 = Debug|Any CPU
		{0BF4997B-56BC-4071-AB6A-3AADBA7789C7}.Debug|iPhoneSimulator.ActiveCfg = Debug|Any CPU
		{0BF4997B-56BC-4071-AB6A-3AADBA7789C7}.Debug|iPhoneSimulator.Build.0 = Debug|Any CPU
		{0BF4997B-56BC-4071-AB6A-3AADBA7789C7}.Debug|iPhoneSimulator.Deploy.0 = Debug|Any CPU
		{0BF4997B-56BC-4071-AB6A-3AADBA7789C7}.Release|Any CPU.ActiveCfg = Release|Any CPU
		{0BF4997B-56BC-4071-AB6A-3AADBA7789C7}.Release|Any CPU.Build.0 = Release|Any CPU
		{0BF4997B-56BC-4071-AB6A-3AADBA7789C7}.Release|Any CPU.Deploy.0 = Release|Any CPU
		{0BF4997B-56BC-4071-AB6A-3AADBA7789C7}.Release|iPhone.ActiveCfg = Release|Any CPU
		{0BF4997B-56BC-4071-AB6A-3AADBA7789C7}.Release|iPhone.Build.0 = Release|Any CPU
		{0BF4997B-56BC-4071-AB6A-3AADBA7789C7}.Release|iPhone.Deploy.0 = Release|Any CPU
		{0BF4997B-56BC-4071-AB6A-3AADBA7789C7}.Release|iPhoneSimulator.ActiveCfg = Release|Any CPU
		{0BF4997B-56BC-4071-AB6A-3AADBA7789C7}.Release|iPhoneSimulator.Build.0 = Release|Any CPU
		{0BF4997B-56BC-4071-AB6A-3AADBA7789C7}.Release|iPhoneSimulator.Deploy.0 = Release|Any CPU
	EndGlobalSection
	GlobalSection(SolutionProperties) = preSolution
		HideSolutionNode = FALSE
	EndGlobalSection
	GlobalSection(ExtensibilityGlobals) = postSolution
		SolutionGuid = {363392ED-9D42-4639-9026-8F8D0A0E96F8}
	EndGlobalSection
EndGlobal
